
Microsoft Visual Studio Solution File, Format Version 12.00
# Visual Studio Version 16
VisualStudioVersion = 16.0.30225.117
MinimumVisualStudioVersion = 10.0.40219.1
Project("{FAE04EC0-301F-11D3-BF4B-00C04F79EFBC}") = "AgonylQuestEditor", "AgonylQuestEditor\AgonylQuestEditor.csproj", "{6C354EBB-DD48-4CC8-9848-07A8AA8C88FF}"
EndProject
Project("{2150E333-8FDC-42A3-9474-1A3956D46DE8}") = "Solution Items", "Solution Items", "{0FC84281-07EC-4EB2-9680-CED11CA902B1}"
	ProjectSection(SolutionItems) = preProject
		.editorconfig = .editorconfig
	EndProjectSection
EndProject
Global
	GlobalSection(SolutionConfigurationPlatforms) = preSolution
		Debug|Any CPU = Debug|Any CPU
		Release|Any CPU = Release|Any CPU
	EndGlobalSection
	GlobalSection(ProjectConfigurationPlatforms) = postSolution
		{6C354EBB-DD48-4CC8-9848-07A8AA8C88FF}.Debug|Any CPU.ActiveCfg = Debug|Any CPU
		{6C354EBB-DD48-4CC8-9848-07A8AA8C88FF}.Debug|Any CPU.Build.0 = Debug|Any CPU
		{6C354EBB-DD48-4CC8-9848-07A8AA8C88FF}.Release|Any CPU.ActiveCfg = Release|Any CPU
		{6C354EBB-DD48-4CC8-9848-07A8AA8C88FF}.Release|Any CPU.Build.0 = Release|Any CPU
	EndGlobalSection
	GlobalSection(SolutionProperties) = preSolution
		HideSolutionNode = FALSE
	EndGlobalSection
	GlobalSection(ExtensibilityGlobals) = postSolution
		SolutionGuid = {B87A0A75-CED5-46ED-A9D5-FE0BF66C93F1}
	EndGlobalSection
EndGlobal
